
Microsoft Visual Studio Solution File, Format Version 12.00
# Visual Studio Version 16
VisualStudioVersion = 16.0.28527.54
MinimumVisualStudioVersion = 10.0.40219.1
Project("{FAE04EC0-301F-11D3-BF4B-00C04F79EFBC}") = "Semaphore Demo", "Semaphore Demo\Semaphore Demo.csproj", "{8A86227D-FE52-4BE0-AD11-88035067FE7E}"
EndProject
Project("{FAE04EC0-301F-11D3-BF4B-00C04F79EFBC}") = "Mutex Demo", "Mutex Demo\Mutex Demo.csproj", "{86F0234E-468D-4A6A-870A-002CBE6709D4}"
EndProject
Project("{FAE04EC0-301F-11D3-BF4B-00C04F79EFBC}") = "Thread Pool", "Thread Pool\Thread Pool.csproj", "{E55696B3-413F-4BB6-8975-52C511126F0A}"
EndProject
Project("{FAE04EC0-301F-11D3-BF4B-00C04F79EFBC}") = "Creating Simple Threads", "Creating Simple Threads\Creating Simple Threads.csproj", "{96DDAE3F-4E69-4B09-8807-A515D7041151}"
EndProject
Project("{FAE04EC0-301F-11D3-BF4B-00C04F79EFBC}") = "Semaphore Constructor", "Semaphore Constructor\Semaphore Constructor.csproj", "{8DE15371-8CEA-4D40-8FED-06AF6C5290AD}"
EndProject
Project("{FAE04EC0-301F-11D3-BF4B-00C04F79EFBC}") = "Foreground and Background Threads", "Foreground and Background Threads\Foreground and Background Threads.csproj", "{A8A8D4B8-3AC9-4AC2-81B6-FA660022BE91}"
EndProject
Project("{2150E333-8FDC-42A3-9474-1A3956D46DE8}") = "Threading", "Threading", "{582C14F7-8C6D-460E-B807-D24F19E298AC}"
EndProject
Project("{2150E333-8FDC-42A3-9474-1A3956D46DE8}") = "Delegates and Events", "Delegates and Events", "{32E2C2C5-0552-4B74-B206-334A44B81678}"
EndProject
Project("{FAE04EC0-301F-11D3-BF4B-00C04F79EFBC}") = "Delegates Contravariance", "Delegates Contravariance\Delegates Contravariance.csproj", "{49A57E16-88F3-4D85-B87F-5F39F68FD443}"
EndProject
Project("{FAE04EC0-301F-11D3-BF4B-00C04F79EFBC}") = "Delegates Covariance", "Delegates Covariance\Delegates Covariance.csproj", "{63989306-456A-4300-8846-A962F1CA4903}"
EndProject
Project("{2150E333-8FDC-42A3-9474-1A3956D46DE8}") = "Types", "Types", "{B2B85206-4399-4DC3-9E9B-66BB11AF46EC}"
EndProject
Project("{FAE04EC0-301F-11D3-BF4B-00C04F79EFBC}") = "IStructuralComparable Interface", "IStructuralComparable Interface\IStructuralComparable Interface.csproj", "{DA943FD6-3426-48F6-8F3A-32DCDA4C5EEC}"
EndProject
Project("{2150E333-8FDC-42A3-9474-1A3956D46DE8}") = "Network", "Network", "{B443A55D-4156-451D-8473-30BFBA26C712}"
EndProject
Project("{FAE04EC0-301F-11D3-BF4B-00C04F79EFBC}") = "WebClient", "WebClient\WebClient.csproj", "{D7803898-A7D3-44FB-AA6C-7A6C88D0C53D}"
EndProject
Project("{2150E333-8FDC-42A3-9474-1A3956D46DE8}") = "Error Handle", "Error Handle", "{2525FF72-5CC9-4BE7-B860-A45935F6A342}"
EndProject
Project("{FAE04EC0-301F-11D3-BF4B-00C04F79EFBC}") = "Throw keyword", "Throw keyword\Throw keyword.csproj", "{DA5C442E-7DD7-4C6C-8B14-974F792BB9E4}"
EndProject
Project("{FAE04EC0-301F-11D3-BF4B-00C04F79EFBC}") = "Reflection", "Reflection\Reflection.csproj", "{A1108790-6982-4CC4-89B3-7E264D77D748}"
EndProject
Project("{FAE04EC0-301F-11D3-BF4B-00C04F79EFBC}") = "BinaryFormatter Serialization", "BinaryFormatter Serialization\BinaryFormatter Serialization.csproj", "{157F62CA-D3FD-4A8F-89A7-42BF53BD7EE2}"
EndProject
Project("{FAE04EC0-301F-11D3-BF4B-00C04F79EFBC}") = "Monitor Wait and  Pulse Methods", "Monitor Wait and  Pulse Methods\Monitor Wait and  Pulse Methods.csproj", "{4CE9F448-F3D0-4630-A996-93780A4604F4}"
EndProject
Project("{FAE04EC0-301F-11D3-BF4B-00C04F79EFBC}") = "TryParse Method", "TryParse Method\TryParse Method.csproj", "{19EBBA45-D1B0-45D2-8E71-1E185688962D}"
EndProject
Project("{FAE04EC0-301F-11D3-BF4B-00C04F79EFBC}") = "Dynamic Binding", "Dynamic Binding\Dynamic Binding.csproj", "{B248CF63-EECE-47BA-99E3-85E0945C1B78}"
EndProject
Project("{FAE04EC0-301F-11D3-BF4B-00C04F79EFBC}") = "Extension Method", "Extension Method\Extension Method.csproj", "{BBE1C98C-0CC8-4E94-B986-48A7EA912D0E}"
EndProject
Project("{FAE04EC0-301F-11D3-BF4B-00C04F79EFBC}") = "Command Line Compiling and Execution", "Command Line Compiling and Execution\Command Line Compiling and Execution.csproj", "{4AA525D1-9188-45E7-869A-084000575C4C}"
EndProject
Project("{FAE04EC0-301F-11D3-BF4B-00C04F79EFBC}") = "Named Parameters", "Named Parameters\Named Parameters.csproj", "{B1187F34-A702-44E0-9F82-A1300F4938C5}"
EndProject
Project("{FAE04EC0-301F-11D3-BF4B-00C04F79EFBC}") = "BackgroundWorker", "BackgroundWorker\BackgroundWorker.csproj", "{4F4328F3-E188-410D-B2F0-BEDAF3C920F2}"
EndProject
Project("{FAE04EC0-301F-11D3-BF4B-00C04F79EFBC}") = "DNS", "DNS\DNS.csproj", "{437BB374-63D5-47CD-9EC0-07BDB4B237FB}"
EndProject
Project("{FAE04EC0-301F-11D3-BF4B-00C04F79EFBC}") = "HTTP Server", "HTTP Server\HTTP Server.csproj", "{C847A93B-2B28-429A-9B16-2F3CFD534C63}"
EndProject
Project("{FAE04EC0-301F-11D3-BF4B-00C04F79EFBC}") = "Cookies from Server", "Cookies from Server\Cookies from Server.csproj", "{735850C2-7F2B-4146-96C7-C6F471882406}"
EndProject
Project("{FAE04EC0-301F-11D3-BF4B-00C04F79EFBC}") = "WebClient Submission Form", "WebClient Submission Form\WebClient Submission Form.csproj", "{805FE404-397F-42EE-9A78-EBAE974F6DD9}"
EndProject
Project("{FAE04EC0-301F-11D3-BF4B-00C04F79EFBC}") = "WebClient and Query String", "WebClient and Query String\WebClient and Query String.csproj", "{70D8888C-7FA3-4EC0-A9D8-08CED1949E6E}"
EndProject
Project("{FAE04EC0-301F-11D3-BF4B-00C04F79EFBC}") = "WebClient Getting HTTP Headers", "WebClient Getting HTTP Headers\WebClient Getting HTTP Headers.csproj", "{B863CD0C-FD73-4350-BA19-7857E9B540A3}"
EndProject
Project("{FAE04EC0-301F-11D3-BF4B-00C04F79EFBC}") = "Format Provider", "Format Provider\Format Provider.csproj", "{65619BAE-5A82-4038-8AF7-B0B96354798B}"
EndProject
Project("{FAE04EC0-301F-11D3-BF4B-00C04F79EFBC}") = "ToString and Format", "ToString and Format\ToString and Format.csproj", "{ABDCEF3F-86A0-401F-9DF2-DE773F2E9B0A}"
EndProject
Project("{FAE04EC0-301F-11D3-BF4B-00C04F79EFBC}") = "String.Equals and == Operator", "String.Equals and == Operator\String.Equals and == Operator.csproj", "{45B225ED-F8FB-42CE-A948-F6795ADE0A7A}"
EndProject
Project("{FAE04EC0-301F-11D3-BF4B-00C04F79EFBC}") = "String.Format Static Method", "String.Format Static Method\String.Format Static Method.csproj", "{1EFE9E56-063E-46A8-9B2A-E5BB8F8B1B39}"
EndProject
Project("{FAE04EC0-301F-11D3-BF4B-00C04F79EFBC}") = "System.String.Join Static Method", "System.String.Join Static Method\System.String.Join Static Method.csproj", "{F847F4F1-2FE1-493E-B915-F128AFC4F575}"
EndProject
Project("{FAE04EC0-301F-11D3-BF4B-00C04F79EFBC}") = "Timer Demo", "Timer Demo\Timer Demo.csproj", "{FFC704E7-3259-48CD-9B07-92AC04C37A80}"
EndProject
Project("{FAE04EC0-301F-11D3-BF4B-00C04F79EFBC}") = "Threads Local Storage", "Threads Local Storage\Threads Local Storage.csproj", "{B6A91295-14C4-450A-973A-FAF0C0B89D74}"
EndProject
Project("{2150E333-8FDC-42A3-9474-1A3956D46DE8}") = "Attributes, Serialization and Reflection", "Attributes, Serialization and Reflection", "{C0A658E6-B0D6-42EB-B2DF-34D8FDB18FC3}"
EndProject
Project("{2150E333-8FDC-42A3-9474-1A3956D46DE8}") = "Others", "Others", "{753E24D9-2004-4F77-ADE5-2C5D95CD576B}"
EndProject
Project("{FAE04EC0-301F-11D3-BF4B-00C04F79EFBC}") = "Wrapping LINQ Queries", "Wrapping LINQ Queries\Wrapping LINQ Queries.csproj", "{8998E6A1-1FEF-45C8-A078-D30D713EF926}"
EndProject
Project("{FAE04EC0-301F-11D3-BF4B-00C04F79EFBC}") = "LINQ and Lambada Deferred Execution", "LINQ and Lambada Deferred Execution\LINQ and Lambada Deferred Execution.csproj", "{B7D4D43D-11C0-4D79-9A4B-C5EA4EC76D39}"
EndProject
Project("{FAE04EC0-301F-11D3-BF4B-00C04F79EFBC}") = "Barrier", "Barrier\Barrier.csproj", "{1243E1B8-72A9-4D76-A432-48E2B588F92D}"
EndProject
Project("{FAE04EC0-301F-11D3-BF4B-00C04F79EFBC}") = "Task Result Property", "Task.Result Property\Task Result Property.csproj", "{8C0F6DDD-8115-411D-AAC8-60D535E85682}"
EndProject
Project("{FAE04EC0-301F-11D3-BF4B-00C04F79EFBC}") = "Task ContinueWith", "Task ContinueWith\Task ContinueWith.csproj", "{36715872-D209-4A1F-8C04-8CE7AE80CD7E}"
EndProject
Project("{FAE04EC0-301F-11D3-BF4B-00C04F79EFBC}") = "Tasks", "Tasks\Tasks.csproj", "{BB185916-6D4C-4508-9E98-7423AAF2505E}"
EndProject
Project("{FAE04EC0-301F-11D3-BF4B-00C04F79EFBC}") = "Two Way Threads Signaling", "Two Way Threads Signaling\Two Way Threads Signaling.csproj", "{3EAD2698-18B9-4FD4-9E55-91E8D741091E}"
EndProject
Project("{FAE04EC0-301F-11D3-BF4B-00C04F79EFBC}") = "ManualResetEvent Class", "Signaling with Event Wait Handles\ManualResetEvent Class.csproj", "{CD4FF7C9-E653-4E36-B4FA-F633EA9577BD}"
EndProject
Project("{FAE04EC0-301F-11D3-BF4B-00C04F79EFBC}") = "AutoResetEvent Class", "AutoResetEvent Class\AutoResetEvent Class.csproj", "{BBB13D96-822B-4CC9-A7CA-AF33633BBD30}"
EndProject
Project("{FAE04EC0-301F-11D3-BF4B-00C04F79EFBC}") = "String PadLeft and PadRight", "String PadLeft and PadRight\String PadLeft and PadRight.csproj", "{3DAC33D0-14C3-4FD9-A0A1-1FD1D6B3EC7D}"
EndProject
Project("{FAE04EC0-301F-11D3-BF4B-00C04F79EFBC}") = "System Char", "System Char\System Char.csproj", "{72E626B3-3E0B-477D-9087-DDFC51C40DC4}"
EndProject
Project("{FAE04EC0-301F-11D3-BF4B-00C04F79EFBC}") = "Extension Methods", "Extension Methods\Extension Methods.csproj", "{628F863B-DEC0-4C9B-9946-09F80A92FAE3}"
EndProject
Project("{FAE04EC0-301F-11D3-BF4B-00C04F79EFBC}") = "Trenary Operator", "Trenary Operator\Trenary Operator.csproj", "{0FE847B1-1C97-45FD-AD6E-326BC14AF4F9}"
EndProject
Project("{FAE04EC0-301F-11D3-BF4B-00C04F79EFBC}") = "CountDownEvent Example", "CountDownEvent Example\CountDownEvent Example.csproj", "{3450C96C-6955-47EB-ACE7-C59912ED239D}"
EndProject
Project("{FAE04EC0-301F-11D3-BF4B-00C04F79EFBC}") = "Dynamic Typing", "Dynamic Typing\Dynamic Typing.csproj", "{30FCAF2F-2D08-4A81-9190-7CD4A52D0D08}"
EndProject
Project("{FAE04EC0-301F-11D3-BF4B-00C04F79EFBC}") = "Contravariance", "Contravariance\Contravariance.csproj", "{394769C2-FF68-43A6-83DE-3ECBC0318B90}"
EndProject
Project("{FAE04EC0-301F-11D3-BF4B-00C04F79EFBC}") = "Covariance", "Covariance\Covariance.csproj", "{0C2AFDD2-4550-4DE1-B674-781B58387DDD}"
EndProject
Project("{FAE04EC0-301F-11D3-BF4B-00C04F79EFBC}") = "ThreadSpinLock", "ThreadSpinLock\ThreadSpinLock.csproj", "{CADD0B2A-B5AA-4D98-93F5-EC68526478DD}"
EndProject
Global
	GlobalSection(SolutionConfigurationPlatforms) = preSolution
		Debug|Any CPU = Debug|Any CPU
		Release|Any CPU = Release|Any CPU
	EndGlobalSection
	GlobalSection(ProjectConfigurationPlatforms) = postSolution
		{8A86227D-FE52-4BE0-AD11-88035067FE7E}.Debug|Any CPU.ActiveCfg = Debug|Any CPU
		{8A86227D-FE52-4BE0-AD11-88035067FE7E}.Debug|Any CPU.Build.0 = Debug|Any CPU
		{8A86227D-FE52-4BE0-AD11-88035067FE7E}.Release|Any CPU.ActiveCfg = Release|Any CPU
		{8A86227D-FE52-4BE0-AD11-88035067FE7E}.Release|Any CPU.Build.0 = Release|Any CPU
		{86F0234E-468D-4A6A-870A-002CBE6709D4}.Debug|Any CPU.ActiveCfg = Debug|Any CPU
		{86F0234E-468D-4A6A-870A-002CBE6709D4}.Debug|Any CPU.Build.0 = Debug|Any CPU
		{86F0234E-468D-4A6A-870A-002CBE6709D4}.Release|Any CPU.ActiveCfg = Release|Any CPU
		{86F0234E-468D-4A6A-870A-002CBE6709D4}.Release|Any CPU.Build.0 = Release|Any CPU
		{E55696B3-413F-4BB6-8975-52C511126F0A}.Debug|Any CPU.ActiveCfg = Debug|Any CPU
		{E55696B3-413F-4BB6-8975-52C511126F0A}.Debug|Any CPU.Build.0 = Debug|Any CPU
		{E55696B3-413F-4BB6-8975-52C511126F0A}.Release|Any CPU.ActiveCfg = Release|Any CPU
		{E55696B3-413F-4BB6-8975-52C511126F0A}.Release|Any CPU.Build.0 = Release|Any CPU
		{96DDAE3F-4E69-4B09-8807-A515D7041151}.Debug|Any CPU.ActiveCfg = Debug|Any CPU
		{96DDAE3F-4E69-4B09-8807-A515D7041151}.Debug|Any CPU.Build.0 = Debug|Any CPU
		{96DDAE3F-4E69-4B09-8807-A515D7041151}.Release|Any CPU.ActiveCfg = Release|Any CPU
		{96DDAE3F-4E69-4B09-8807-A515D7041151}.Release|Any CPU.Build.0 = Release|Any CPU
		{8DE15371-8CEA-4D40-8FED-06AF6C5290AD}.Debug|Any CPU.ActiveCfg = Debug|Any CPU
		{8DE15371-8CEA-4D40-8FED-06AF6C5290AD}.Debug|Any CPU.Build.0 = Debug|Any CPU
		{8DE15371-8CEA-4D40-8FED-06AF6C5290AD}.Release|Any CPU.ActiveCfg = Release|Any CPU
		{8DE15371-8CEA-4D40-8FED-06AF6C5290AD}.Release|Any CPU.Build.0 = Release|Any CPU
		{A8A8D4B8-3AC9-4AC2-81B6-FA660022BE91}.Debug|Any CPU.ActiveCfg = Debug|Any CPU
		{A8A8D4B8-3AC9-4AC2-81B6-FA660022BE91}.Debug|Any CPU.Build.0 = Debug|Any CPU
		{A8A8D4B8-3AC9-4AC2-81B6-FA660022BE91}.Release|Any CPU.ActiveCfg = Release|Any CPU
		{A8A8D4B8-3AC9-4AC2-81B6-FA660022BE91}.Release|Any CPU.Build.0 = Release|Any CPU
		{49A57E16-88F3-4D85-B87F-5F39F68FD443}.Debug|Any CPU.ActiveCfg = Debug|Any CPU
		{49A57E16-88F3-4D85-B87F-5F39F68FD443}.Debug|Any CPU.Build.0 = Debug|Any CPU
		{49A57E16-88F3-4D85-B87F-5F39F68FD443}.Release|Any CPU.ActiveCfg = Release|Any CPU
		{49A57E16-88F3-4D85-B87F-5F39F68FD443}.Release|Any CPU.Build.0 = Release|Any CPU
		{63989306-456A-4300-8846-A962F1CA4903}.Debug|Any CPU.ActiveCfg = Debug|Any CPU
		{63989306-456A-4300-8846-A962F1CA4903}.Debug|Any CPU.Build.0 = Debug|Any CPU
		{63989306-456A-4300-8846-A962F1CA4903}.Release|Any CPU.ActiveCfg = Release|Any CPU
		{63989306-456A-4300-8846-A962F1CA4903}.Release|Any CPU.Build.0 = Release|Any CPU
		{DA943FD6-3426-48F6-8F3A-32DCDA4C5EEC}.Debug|Any CPU.ActiveCfg = Debug|Any CPU
		{DA943FD6-3426-48F6-8F3A-32DCDA4C5EEC}.Debug|Any CPU.Build.0 = Debug|Any CPU
		{DA943FD6-3426-48F6-8F3A-32DCDA4C5EEC}.Release|Any CPU.ActiveCfg = Release|Any CPU
		{DA943FD6-3426-48F6-8F3A-32DCDA4C5EEC}.Release|Any CPU.Build.0 = Release|Any CPU
		{D7803898-A7D3-44FB-AA6C-7A6C88D0C53D}.Debug|Any CPU.ActiveCfg = Debug|Any CPU
		{D7803898-A7D3-44FB-AA6C-7A6C88D0C53D}.Debug|Any CPU.Build.0 = Debug|Any CPU
		{D7803898-A7D3-44FB-AA6C-7A6C88D0C53D}.Release|Any CPU.ActiveCfg = Release|Any CPU
		{D7803898-A7D3-44FB-AA6C-7A6C88D0C53D}.Release|Any CPU.Build.0 = Release|Any CPU
		{DA5C442E-7DD7-4C6C-8B14-974F792BB9E4}.Debug|Any CPU.ActiveCfg = Debug|Any CPU
		{DA5C442E-7DD7-4C6C-8B14-974F792BB9E4}.Debug|Any CPU.Build.0 = Debug|Any CPU
		{DA5C442E-7DD7-4C6C-8B14-974F792BB9E4}.Release|Any CPU.ActiveCfg = Release|Any CPU
		{DA5C442E-7DD7-4C6C-8B14-974F792BB9E4}.Release|Any CPU.Build.0 = Release|Any CPU
		{A1108790-6982-4CC4-89B3-7E264D77D748}.Debug|Any CPU.ActiveCfg = Debug|Any CPU
		{A1108790-6982-4CC4-89B3-7E264D77D748}.Debug|Any CPU.Build.0 = Debug|Any CPU
		{A1108790-6982-4CC4-89B3-7E264D77D748}.Release|Any CPU.ActiveCfg = Release|Any CPU
		{A1108790-6982-4CC4-89B3-7E264D77D748}.Release|Any CPU.Build.0 = Release|Any CPU
		{157F62CA-D3FD-4A8F-89A7-42BF53BD7EE2}.Debug|Any CPU.ActiveCfg = Debug|Any CPU
		{157F62CA-D3FD-4A8F-89A7-42BF53BD7EE2}.Debug|Any CPU.Build.0 = Debug|Any CPU
		{157F62CA-D3FD-4A8F-89A7-42BF53BD7EE2}.Release|Any CPU.ActiveCfg = Release|Any CPU
		{157F62CA-D3FD-4A8F-89A7-42BF53BD7EE2}.Release|Any CPU.Build.0 = Release|Any CPU
		{4CE9F448-F3D0-4630-A996-93780A4604F4}.Debug|Any CPU.ActiveCfg = Debug|Any CPU
		{4CE9F448-F3D0-4630-A996-93780A4604F4}.Debug|Any CPU.Build.0 = Debug|Any CPU
		{4CE9F448-F3D0-4630-A996-93780A4604F4}.Release|Any CPU.ActiveCfg = Release|Any CPU
		{4CE9F448-F3D0-4630-A996-93780A4604F4}.Release|Any CPU.Build.0 = Release|Any CPU
		{19EBBA45-D1B0-45D2-8E71-1E185688962D}.Debug|Any CPU.ActiveCfg = Debug|Any CPU
		{19EBBA45-D1B0-45D2-8E71-1E185688962D}.Debug|Any CPU.Build.0 = Debug|Any CPU
		{19EBBA45-D1B0-45D2-8E71-1E185688962D}.Release|Any CPU.ActiveCfg = Release|Any CPU
		{19EBBA45-D1B0-45D2-8E71-1E185688962D}.Release|Any CPU.Build.0 = Release|Any CPU
		{B248CF63-EECE-47BA-99E3-85E0945C1B78}.Debug|Any CPU.ActiveCfg = Debug|Any CPU
		{B248CF63-EECE-47BA-99E3-85E0945C1B78}.Debug|Any CPU.Build.0 = Debug|Any CPU
		{B248CF63-EECE-47BA-99E3-85E0945C1B78}.Release|Any CPU.ActiveCfg = Release|Any CPU
		{B248CF63-EECE-47BA-99E3-85E0945C1B78}.Release|Any CPU.Build.0 = Release|Any CPU
		{BBE1C98C-0CC8-4E94-B986-48A7EA912D0E}.Debug|Any CPU.ActiveCfg = Debug|Any CPU
		{BBE1C98C-0CC8-4E94-B986-48A7EA912D0E}.Debug|Any CPU.Build.0 = Debug|Any CPU
		{BBE1C98C-0CC8-4E94-B986-48A7EA912D0E}.Release|Any CPU.ActiveCfg = Release|Any CPU
		{BBE1C98C-0CC8-4E94-B986-48A7EA912D0E}.Release|Any CPU.Build.0 = Release|Any CPU
		{4AA525D1-9188-45E7-869A-084000575C4C}.Debug|Any CPU.ActiveCfg = Debug|Any CPU
		{4AA525D1-9188-45E7-869A-084000575C4C}.Debug|Any CPU.Build.0 = Debug|Any CPU
		{4AA525D1-9188-45E7-869A-084000575C4C}.Release|Any CPU.ActiveCfg = Release|Any CPU
		{4AA525D1-9188-45E7-869A-084000575C4C}.Release|Any CPU.Build.0 = Release|Any CPU
		{B1187F34-A702-44E0-9F82-A1300F4938C5}.Debug|Any CPU.ActiveCfg = Debug|Any CPU
		{B1187F34-A702-44E0-9F82-A1300F4938C5}.Debug|Any CPU.Build.0 = Debug|Any CPU
		{B1187F34-A702-44E0-9F82-A1300F4938C5}.Release|Any CPU.ActiveCfg = Release|Any CPU
		{B1187F34-A702-44E0-9F82-A1300F4938C5}.Release|Any CPU.Build.0 = Release|Any CPU
		{4F4328F3-E188-410D-B2F0-BEDAF3C920F2}.Debug|Any CPU.ActiveCfg = Debug|Any CPU
		{4F4328F3-E188-410D-B2F0-BEDAF3C920F2}.Debug|Any CPU.Build.0 = Debug|Any CPU
		{4F4328F3-E188-410D-B2F0-BEDAF3C920F2}.Release|Any CPU.ActiveCfg = Release|Any CPU
		{4F4328F3-E188-410D-B2F0-BEDAF3C920F2}.Release|Any CPU.Build.0 = Release|Any CPU
		{437BB374-63D5-47CD-9EC0-07BDB4B237FB}.Debug|Any CPU.ActiveCfg = Debug|Any CPU
		{437BB374-63D5-47CD-9EC0-07BDB4B237FB}.Debug|Any CPU.Build.0 = Debug|Any CPU
		{437BB374-63D5-47CD-9EC0-07BDB4B237FB}.Release|Any CPU.ActiveCfg = Release|Any CPU
		{437BB374-63D5-47CD-9EC0-07BDB4B237FB}.Release|Any CPU.Build.0 = Release|Any CPU
		{C847A93B-2B28-429A-9B16-2F3CFD534C63}.Debug|Any CPU.ActiveCfg = Debug|Any CPU
		{C847A93B-2B28-429A-9B16-2F3CFD534C63}.Debug|Any CPU.Build.0 = Debug|Any CPU
		{C847A93B-2B28-429A-9B16-2F3CFD534C63}.Release|Any CPU.ActiveCfg = Release|Any CPU
		{C847A93B-2B28-429A-9B16-2F3CFD534C63}.Release|Any CPU.Build.0 = Release|Any CPU
		{735850C2-7F2B-4146-96C7-C6F471882406}.Debug|Any CPU.ActiveCfg = Debug|Any CPU
		{735850C2-7F2B-4146-96C7-C6F471882406}.Debug|Any CPU.Build.0 = Debug|Any CPU
		{735850C2-7F2B-4146-96C7-C6F471882406}.Release|Any CPU.ActiveCfg = Release|Any CPU
		{735850C2-7F2B-4146-96C7-C6F471882406}.Release|Any CPU.Build.0 = Release|Any CPU
		{805FE404-397F-42EE-9A78-EBAE974F6DD9}.Debug|Any CPU.ActiveCfg = Debug|Any CPU
		{805FE404-397F-42EE-9A78-EBAE974F6DD9}.Debug|Any CPU.Build.0 = Debug|Any CPU
		{805FE404-397F-42EE-9A78-EBAE974F6DD9}.Release|Any CPU.ActiveCfg = Release|Any CPU
		{805FE404-397F-42EE-9A78-EBAE974F6DD9}.Release|Any CPU.Build.0 = Release|Any CPU
		{70D8888C-7FA3-4EC0-A9D8-08CED1949E6E}.Debug|Any CPU.ActiveCfg = Debug|Any CPU
		{70D8888C-7FA3-4EC0-A9D8-08CED1949E6E}.Debug|Any CPU.Build.0 = Debug|Any CPU
		{70D8888C-7FA3-4EC0-A9D8-08CED1949E6E}.Release|Any CPU.ActiveCfg = Release|Any CPU
		{70D8888C-7FA3-4EC0-A9D8-08CED1949E6E}.Release|Any CPU.Build.0 = Release|Any CPU
		{B863CD0C-FD73-4350-BA19-7857E9B540A3}.Debug|Any CPU.ActiveCfg = Debug|Any CPU
		{B863CD0C-FD73-4350-BA19-7857E9B540A3}.Debug|Any CPU.Build.0 = Debug|Any CPU
		{B863CD0C-FD73-4350-BA19-7857E9B540A3}.Release|Any CPU.ActiveCfg = Release|Any CPU
		{B863CD0C-FD73-4350-BA19-7857E9B540A3}.Release|Any CPU.Build.0 = Release|Any CPU
		{65619BAE-5A82-4038-8AF7-B0B96354798B}.Debug|Any CPU.ActiveCfg = Debug|Any CPU
		{65619BAE-5A82-4038-8AF7-B0B96354798B}.Debug|Any CPU.Build.0 = Debug|Any CPU
		{65619BAE-5A82-4038-8AF7-B0B96354798B}.Release|Any CPU.ActiveCfg = Release|Any CPU
		{65619BAE-5A82-4038-8AF7-B0B96354798B}.Release|Any CPU.Build.0 = Release|Any CPU
		{ABDCEF3F-86A0-401F-9DF2-DE773F2E9B0A}.Debug|Any CPU.ActiveCfg = Debug|Any CPU
		{ABDCEF3F-86A0-401F-9DF2-DE773F2E9B0A}.Debug|Any CPU.Build.0 = Debug|Any CPU
		{ABDCEF3F-86A0-401F-9DF2-DE773F2E9B0A}.Release|Any CPU.ActiveCfg = Release|Any CPU
		{ABDCEF3F-86A0-401F-9DF2-DE773F2E9B0A}.Release|Any CPU.Build.0 = Release|Any CPU
		{45B225ED-F8FB-42CE-A948-F6795ADE0A7A}.Debug|Any CPU.ActiveCfg = Debug|Any CPU
		{45B225ED-F8FB-42CE-A948-F6795ADE0A7A}.Debug|Any CPU.Build.0 = Debug|Any CPU
		{45B225ED-F8FB-42CE-A948-F6795ADE0A7A}.Release|Any CPU.ActiveCfg = Release|Any CPU
		{45B225ED-F8FB-42CE-A948-F6795ADE0A7A}.Release|Any CPU.Build.0 = Release|Any CPU
		{1EFE9E56-063E-46A8-9B2A-E5BB8F8B1B39}.Debug|Any CPU.ActiveCfg = Debug|Any CPU
		{1EFE9E56-063E-46A8-9B2A-E5BB8F8B1B39}.Debug|Any CPU.Build.0 = Debug|Any CPU
		{1EFE9E56-063E-46A8-9B2A-E5BB8F8B1B39}.Release|Any CPU.ActiveCfg = Release|Any CPU
		{1EFE9E56-063E-46A8-9B2A-E5BB8F8B1B39}.Release|Any CPU.Build.0 = Release|Any CPU
		{F847F4F1-2FE1-493E-B915-F128AFC4F575}.Debug|Any CPU.ActiveCfg = Debug|Any CPU
		{F847F4F1-2FE1-493E-B915-F128AFC4F575}.Debug|Any CPU.Build.0 = Debug|Any CPU
		{F847F4F1-2FE1-493E-B915-F128AFC4F575}.Release|Any CPU.ActiveCfg = Release|Any CPU
		{F847F4F1-2FE1-493E-B915-F128AFC4F575}.Release|Any CPU.Build.0 = Release|Any CPU
		{FFC704E7-3259-48CD-9B07-92AC04C37A80}.Debug|Any CPU.ActiveCfg = Debug|Any CPU
		{FFC704E7-3259-48CD-9B07-92AC04C37A80}.Debug|Any CPU.Build.0 = Debug|Any CPU
		{FFC704E7-3259-48CD-9B07-92AC04C37A80}.Release|Any CPU.ActiveCfg = Release|Any CPU
		{FFC704E7-3259-48CD-9B07-92AC04C37A80}.Release|Any CPU.Build.0 = Release|Any CPU
		{B6A91295-14C4-450A-973A-FAF0C0B89D74}.Debug|Any CPU.ActiveCfg = Debug|Any CPU
		{B6A91295-14C4-450A-973A-FAF0C0B89D74}.Debug|Any CPU.Build.0 = Debug|Any CPU
		{B6A91295-14C4-450A-973A-FAF0C0B89D74}.Release|Any CPU.ActiveCfg = Release|Any CPU
		{B6A91295-14C4-450A-973A-FAF0C0B89D74}.Release|Any CPU.Build.0 = Release|Any CPU
		{8998E6A1-1FEF-45C8-A078-D30D713EF926}.Debug|Any CPU.ActiveCfg = Debug|Any CPU
		{8998E6A1-1FEF-45C8-A078-D30D713EF926}.Debug|Any CPU.Build.0 = Debug|Any CPU
		{8998E6A1-1FEF-45C8-A078-D30D713EF926}.Release|Any CPU.ActiveCfg = Release|Any CPU
		{8998E6A1-1FEF-45C8-A078-D30D713EF926}.Release|Any CPU.Build.0 = Release|Any CPU
		{B7D4D43D-11C0-4D79-9A4B-C5EA4EC76D39}.Debug|Any CPU.ActiveCfg = Debug|Any CPU
		{B7D4D43D-11C0-4D79-9A4B-C5EA4EC76D39}.Debug|Any CPU.Build.0 = Debug|Any CPU
		{B7D4D43D-11C0-4D79-9A4B-C5EA4EC76D39}.Release|Any CPU.ActiveCfg = Release|Any CPU
		{B7D4D43D-11C0-4D79-9A4B-C5EA4EC76D39}.Release|Any CPU.Build.0 = Release|Any CPU
		{1243E1B8-72A9-4D76-A432-48E2B588F92D}.Debug|Any CPU.ActiveCfg = Debug|Any CPU
		{1243E1B8-72A9-4D76-A432-48E2B588F92D}.Debug|Any CPU.Build.0 = Debug|Any CPU
		{1243E1B8-72A9-4D76-A432-48E2B588F92D}.Release|Any CPU.ActiveCfg = Release|Any CPU
		{1243E1B8-72A9-4D76-A432-48E2B588F92D}.Release|Any CPU.Build.0 = Release|Any CPU
		{8C0F6DDD-8115-411D-AAC8-60D535E85682}.Debug|Any CPU.ActiveCfg = Debug|Any CPU
		{8C0F6DDD-8115-411D-AAC8-60D535E85682}.Debug|Any CPU.Build.0 = Debug|Any CPU
		{8C0F6DDD-8115-411D-AAC8-60D535E85682}.Release|Any CPU.ActiveCfg = Release|Any CPU
		{8C0F6DDD-8115-411D-AAC8-60D535E85682}.Release|Any CPU.Build.0 = Release|Any CPU
		{36715872-D209-4A1F-8C04-8CE7AE80CD7E}.Debug|Any CPU.ActiveCfg = Debug|Any CPU
		{36715872-D209-4A1F-8C04-8CE7AE80CD7E}.Debug|Any CPU.Build.0 = Debug|Any CPU
		{36715872-D209-4A1F-8C04-8CE7AE80CD7E}.Release|Any CPU.ActiveCfg = Release|Any CPU
		{36715872-D209-4A1F-8C04-8CE7AE80CD7E}.Release|Any CPU.Build.0 = Release|Any CPU
		{BB185916-6D4C-4508-9E98-7423AAF2505E}.Debug|Any CPU.ActiveCfg = Debug|Any CPU
		{BB185916-6D4C-4508-9E98-7423AAF2505E}.Debug|Any CPU.Build.0 = Debug|Any CPU
		{BB185916-6D4C-4508-9E98-7423AAF2505E}.Release|Any CPU.ActiveCfg = Release|Any CPU
		{BB185916-6D4C-4508-9E98-7423AAF2505E}.Release|Any CPU.Build.0 = Release|Any CPU
		{3EAD2698-18B9-4FD4-9E55-91E8D741091E}.Debug|Any CPU.ActiveCfg = Debug|Any CPU
		{3EAD2698-18B9-4FD4-9E55-91E8D741091E}.Debug|Any CPU.Build.0 = Debug|Any CPU
		{3EAD2698-18B9-4FD4-9E55-91E8D741091E}.Release|Any CPU.ActiveCfg = Release|Any CPU
		{3EAD2698-18B9-4FD4-9E55-91E8D741091E}.Release|Any CPU.Build.0 = Release|Any CPU
		{CD4FF7C9-E653-4E36-B4FA-F633EA9577BD}.Debug|Any CPU.ActiveCfg = Debug|Any CPU
		{CD4FF7C9-E653-4E36-B4FA-F633EA9577BD}.Debug|Any CPU.Build.0 = Debug|Any CPU
		{CD4FF7C9-E653-4E36-B4FA-F633EA9577BD}.Release|Any CPU.ActiveCfg = Release|Any CPU
		{CD4FF7C9-E653-4E36-B4FA-F633EA9577BD}.Release|Any CPU.Build.0 = Release|Any CPU
		{BBB13D96-822B-4CC9-A7CA-AF33633BBD30}.Debug|Any CPU.ActiveCfg = Debug|Any CPU
		{BBB13D96-822B-4CC9-A7CA-AF33633BBD30}.Debug|Any CPU.Build.0 = Debug|Any CPU
		{BBB13D96-822B-4CC9-A7CA-AF33633BBD30}.Release|Any CPU.ActiveCfg = Release|Any CPU
		{BBB13D96-822B-4CC9-A7CA-AF33633BBD30}.Release|Any CPU.Build.0 = Release|Any CPU
		{3DAC33D0-14C3-4FD9-A0A1-1FD1D6B3EC7D}.Debug|Any CPU.ActiveCfg = Debug|Any CPU
		{3DAC33D0-14C3-4FD9-A0A1-1FD1D6B3EC7D}.Debug|Any CPU.Build.0 = Debug|Any CPU
		{3DAC33D0-14C3-4FD9-A0A1-1FD1D6B3EC7D}.Release|Any CPU.ActiveCfg = Release|Any CPU
		{3DAC33D0-14C3-4FD9-A0A1-1FD1D6B3EC7D}.Release|Any CPU.Build.0 = Release|Any CPU
		{72E626B3-3E0B-477D-9087-DDFC51C40DC4}.Debug|Any CPU.ActiveCfg = Debug|Any CPU
		{72E626B3-3E0B-477D-9087-DDFC51C40DC4}.Debug|Any CPU.Build.0 = Debug|Any CPU
		{72E626B3-3E0B-477D-9087-DDFC51C40DC4}.Release|Any CPU.ActiveCfg = Release|Any CPU
		{72E626B3-3E0B-477D-9087-DDFC51C40DC4}.Release|Any CPU.Build.0 = Release|Any CPU
		{628F863B-DEC0-4C9B-9946-09F80A92FAE3}.Debug|Any CPU.ActiveCfg = Debug|Any CPU
		{628F863B-DEC0-4C9B-9946-09F80A92FAE3}.Debug|Any CPU.Build.0 = Debug|Any CPU
		{628F863B-DEC0-4C9B-9946-09F80A92FAE3}.Release|Any CPU.ActiveCfg = Release|Any CPU
		{628F863B-DEC0-4C9B-9946-09F80A92FAE3}.Release|Any CPU.Build.0 = Release|Any CPU
		{0FE847B1-1C97-45FD-AD6E-326BC14AF4F9}.Debug|Any CPU.ActiveCfg = Debug|Any CPU
		{0FE847B1-1C97-45FD-AD6E-326BC14AF4F9}.Debug|Any CPU.Build.0 = Debug|Any CPU
		{0FE847B1-1C97-45FD-AD6E-326BC14AF4F9}.Release|Any CPU.ActiveCfg = Release|Any CPU
		{0FE847B1-1C97-45FD-AD6E-326BC14AF4F9}.Release|Any CPU.Build.0 = Release|Any CPU
		{3450C96C-6955-47EB-ACE7-C59912ED239D}.Debug|Any CPU.ActiveCfg = Debug|Any CPU
		{3450C96C-6955-47EB-ACE7-C59912ED239D}.Debug|Any CPU.Build.0 = Debug|Any CPU
		{3450C96C-6955-47EB-ACE7-C59912ED239D}.Release|Any CPU.ActiveCfg = Release|Any CPU
		{3450C96C-6955-47EB-ACE7-C59912ED239D}.Release|Any CPU.Build.0 = Release|Any CPU
		{30FCAF2F-2D08-4A81-9190-7CD4A52D0D08}.Debug|Any CPU.ActiveCfg = Debug|Any CPU
		{30FCAF2F-2D08-4A81-9190-7CD4A52D0D08}.Debug|Any CPU.Build.0 = Debug|Any CPU
		{30FCAF2F-2D08-4A81-9190-7CD4A52D0D08}.Release|Any CPU.ActiveCfg = Release|Any CPU
		{30FCAF2F-2D08-4A81-9190-7CD4A52D0D08}.Release|Any CPU.Build.0 = Release|Any CPU
		{394769C2-FF68-43A6-83DE-3ECBC0318B90}.Debug|Any CPU.ActiveCfg = Debug|Any CPU
		{394769C2-FF68-43A6-83DE-3ECBC0318B90}.Debug|Any CPU.Build.0 = Debug|Any CPU
		{394769C2-FF68-43A6-83DE-3ECBC0318B90}.Release|Any CPU.ActiveCfg = Release|Any CPU
		{394769C2-FF68-43A6-83DE-3ECBC0318B90}.Release|Any CPU.Build.0 = Release|Any CPU
		{0C2AFDD2-4550-4DE1-B674-781B58387DDD}.Debug|Any CPU.ActiveCfg = Debug|Any CPU
		{0C2AFDD2-4550-4DE1-B674-781B58387DDD}.Debug|Any CPU.Build.0 = Debug|Any CPU
		{0C2AFDD2-4550-4DE1-B674-781B58387DDD}.Release|Any CPU.ActiveCfg = Release|Any CPU
		{0C2AFDD2-4550-4DE1-B674-781B58387DDD}.Release|Any CPU.Build.0 = Release|Any CPU
		{CADD0B2A-B5AA-4D98-93F5-EC68526478DD}.Debug|Any CPU.ActiveCfg = Debug|Any CPU
		{CADD0B2A-B5AA-4D98-93F5-EC68526478DD}.Debug|Any CPU.Build.0 = Debug|Any CPU
		{CADD0B2A-B5AA-4D98-93F5-EC68526478DD}.Release|Any CPU.ActiveCfg = Release|Any CPU
		{CADD0B2A-B5AA-4D98-93F5-EC68526478DD}.Release|Any CPU.Build.0 = Release|Any CPU
	EndGlobalSection
	GlobalSection(SolutionProperties) = preSolution
		HideSolutionNode = FALSE
	EndGlobalSection
	GlobalSection(NestedProjects) = preSolution
		{8A86227D-FE52-4BE0-AD11-88035067FE7E} = {582C14F7-8C6D-460E-B807-D24F19E298AC}
		{86F0234E-468D-4A6A-870A-002CBE6709D4} = {582C14F7-8C6D-460E-B807-D24F19E298AC}
		{E55696B3-413F-4BB6-8975-52C511126F0A} = {582C14F7-8C6D-460E-B807-D24F19E298AC}
		{96DDAE3F-4E69-4B09-8807-A515D7041151} = {582C14F7-8C6D-460E-B807-D24F19E298AC}
		{8DE15371-8CEA-4D40-8FED-06AF6C5290AD} = {582C14F7-8C6D-460E-B807-D24F19E298AC}
		{A8A8D4B8-3AC9-4AC2-81B6-FA660022BE91} = {582C14F7-8C6D-460E-B807-D24F19E298AC}
		{49A57E16-88F3-4D85-B87F-5F39F68FD443} = {32E2C2C5-0552-4B74-B206-334A44B81678}
		{63989306-456A-4300-8846-A962F1CA4903} = {32E2C2C5-0552-4B74-B206-334A44B81678}
		{DA943FD6-3426-48F6-8F3A-32DCDA4C5EEC} = {B2B85206-4399-4DC3-9E9B-66BB11AF46EC}
		{D7803898-A7D3-44FB-AA6C-7A6C88D0C53D} = {B443A55D-4156-451D-8473-30BFBA26C712}
		{DA5C442E-7DD7-4C6C-8B14-974F792BB9E4} = {2525FF72-5CC9-4BE7-B860-A45935F6A342}
		{A1108790-6982-4CC4-89B3-7E264D77D748} = {C0A658E6-B0D6-42EB-B2DF-34D8FDB18FC3}
		{157F62CA-D3FD-4A8F-89A7-42BF53BD7EE2} = {C0A658E6-B0D6-42EB-B2DF-34D8FDB18FC3}
		{4CE9F448-F3D0-4630-A996-93780A4604F4} = {582C14F7-8C6D-460E-B807-D24F19E298AC}
		{19EBBA45-D1B0-45D2-8E71-1E185688962D} = {2525FF72-5CC9-4BE7-B860-A45935F6A342}
		{B248CF63-EECE-47BA-99E3-85E0945C1B78} = {B2B85206-4399-4DC3-9E9B-66BB11AF46EC}
		{BBE1C98C-0CC8-4E94-B986-48A7EA912D0E} = {753E24D9-2004-4F77-ADE5-2C5D95CD576B}
		{4AA525D1-9188-45E7-869A-084000575C4C} = {753E24D9-2004-4F77-ADE5-2C5D95CD576B}
		{B1187F34-A702-44E0-9F82-A1300F4938C5} = {753E24D9-2004-4F77-ADE5-2C5D95CD576B}
		{4F4328F3-E188-410D-B2F0-BEDAF3C920F2} = {582C14F7-8C6D-460E-B807-D24F19E298AC}
		{437BB374-63D5-47CD-9EC0-07BDB4B237FB} = {B443A55D-4156-451D-8473-30BFBA26C712}
		{C847A93B-2B28-429A-9B16-2F3CFD534C63} = {B443A55D-4156-451D-8473-30BFBA26C712}
		{735850C2-7F2B-4146-96C7-C6F471882406} = {B443A55D-4156-451D-8473-30BFBA26C712}
		{805FE404-397F-42EE-9A78-EBAE974F6DD9} = {B443A55D-4156-451D-8473-30BFBA26C712}
		{70D8888C-7FA3-4EC0-A9D8-08CED1949E6E} = {B443A55D-4156-451D-8473-30BFBA26C712}
		{B863CD0C-FD73-4350-BA19-7857E9B540A3} = {B443A55D-4156-451D-8473-30BFBA26C712}
		{65619BAE-5A82-4038-8AF7-B0B96354798B} = {753E24D9-2004-4F77-ADE5-2C5D95CD576B}
		{ABDCEF3F-86A0-401F-9DF2-DE773F2E9B0A} = {B2B85206-4399-4DC3-9E9B-66BB11AF46EC}
		{45B225ED-F8FB-42CE-A948-F6795ADE0A7A} = {B2B85206-4399-4DC3-9E9B-66BB11AF46EC}
		{1EFE9E56-063E-46A8-9B2A-E5BB8F8B1B39} = {B2B85206-4399-4DC3-9E9B-66BB11AF46EC}
		{F847F4F1-2FE1-493E-B915-F128AFC4F575} = {B2B85206-4399-4DC3-9E9B-66BB11AF46EC}
		{FFC704E7-3259-48CD-9B07-92AC04C37A80} = {582C14F7-8C6D-460E-B807-D24F19E298AC}
		{B6A91295-14C4-450A-973A-FAF0C0B89D74} = {582C14F7-8C6D-460E-B807-D24F19E298AC}
		{8998E6A1-1FEF-45C8-A078-D30D713EF926} = {753E24D9-2004-4F77-ADE5-2C5D95CD576B}
		{B7D4D43D-11C0-4D79-9A4B-C5EA4EC76D39} = {753E24D9-2004-4F77-ADE5-2C5D95CD576B}
		{1243E1B8-72A9-4D76-A432-48E2B588F92D} = {582C14F7-8C6D-460E-B807-D24F19E298AC}
		{8C0F6DDD-8115-411D-AAC8-60D535E85682} = {582C14F7-8C6D-460E-B807-D24F19E298AC}
		{36715872-D209-4A1F-8C04-8CE7AE80CD7E} = {582C14F7-8C6D-460E-B807-D24F19E298AC}
		{BB185916-6D4C-4508-9E98-7423AAF2505E} = {582C14F7-8C6D-460E-B807-D24F19E298AC}
		{3EAD2698-18B9-4FD4-9E55-91E8D741091E} = {582C14F7-8C6D-460E-B807-D24F19E298AC}
		{CD4FF7C9-E653-4E36-B4FA-F633EA9577BD} = {582C14F7-8C6D-460E-B807-D24F19E298AC}
		{BBB13D96-822B-4CC9-A7CA-AF33633BBD30} = {582C14F7-8C6D-460E-B807-D24F19E298AC}
		{3DAC33D0-14C3-4FD9-A0A1-1FD1D6B3EC7D} = {B2B85206-4399-4DC3-9E9B-66BB11AF46EC}
		{72E626B3-3E0B-477D-9087-DDFC51C40DC4} = {B2B85206-4399-4DC3-9E9B-66BB11AF46EC}
		{3450C96C-6955-47EB-ACE7-C59912ED239D} = {582C14F7-8C6D-460E-B807-D24F19E298AC}
		{30FCAF2F-2D08-4A81-9190-7CD4A52D0D08} = {B2B85206-4399-4DC3-9E9B-66BB11AF46EC}
		{394769C2-FF68-43A6-83DE-3ECBC0318B90} = {B2B85206-4399-4DC3-9E9B-66BB11AF46EC}
		{0C2AFDD2-4550-4DE1-B674-781B58387DDD} = {B2B85206-4399-4DC3-9E9B-66BB11AF46EC}
		{CADD0B2A-B5AA-4D98-93F5-EC68526478DD} = {582C14F7-8C6D-460E-B807-D24F19E298AC}
	EndGlobalSection
	GlobalSection(ExtensibilityGlobals) = postSolution
		SolutionGuid = {E1C75220-2406-4274-BAFF-A1B9309922F3}
	EndGlobalSection
EndGlobal
